
Microsoft Visual Studio Solution File, Format Version 12.00
# Visual Studio Version 16
VisualStudioVersion = 16.0.30517.126
MinimumVisualStudioVersion = 10.0.40219.1
Project("{FAE04EC0-301F-11D3-BF4B-00C04F79EFBC}") = "Ejercicio_12", "Ejercicio_12\Ejercicio_12.csproj", "{FA91EA82-0A88-4B58-9008-890F899E830E}"
EndProject
Project("{FAE04EC0-301F-11D3-BF4B-00C04F79EFBC}") = "Biblioteca", "Biblioteca\Biblioteca.csproj", "{64C4AA12-5124-4407-BC69-AC59CCC14DCB}"
EndProject
Global
	GlobalSection(SolutionConfigurationPlatforms) = preSolution
		Debug|Any CPU = Debug|Any CPU
		Release|Any CPU = Release|Any CPU
	EndGlobalSection
	GlobalSection(ProjectConfigurationPlatforms) = postSolution
		{FA91EA82-0A88-4B58-9008-890F899E830E}.Debug|Any CPU.ActiveCfg = Debug|Any CPU
		{FA91EA82-0A88-4B58-9008-890F899E830E}.Debug|Any CPU.Build.0 = Debug|Any CPU
		{FA91EA82-0A88-4B58-9008-890F899E830E}.Release|Any CPU.ActiveCfg = Release|Any CPU
		{FA91EA82-0A88-4B58-9008-890F899E830E}.Release|Any CPU.Build.0 = Release|Any CPU
		{64C4AA12-5124-4407-BC69-AC59CCC14DCB}.Debug|Any CPU.ActiveCfg = Debug|Any CPU
		{64C4AA12-5124-4407-BC69-AC59CCC14DCB}.Debug|Any CPU.Build.0 = Debug|Any CPU
		{64C4AA12-5124-4407-BC69-AC59CCC14DCB}.Release|Any CPU.ActiveCfg = Release|Any CPU
		{64C4AA12-5124-4407-BC69-AC59CCC14DCB}.Release|Any CPU.Build.0 = Release|Any CPU
	EndGlobalSection
	GlobalSection(SolutionProperties) = preSolution
		HideSolutionNode = FALSE
	EndGlobalSection
	GlobalSection(ExtensibilityGlobals) = postSolution
		SolutionGuid = {FB52404E-951D-427D-8BF1-3525D1108C4E}
	EndGlobalSection
EndGlobal
