
Microsoft Visual Studio Solution File, Format Version 12.00
# Visual Studio Version 16
VisualStudioVersion = 16.0.30517.126
MinimumVisualStudioVersion = 10.0.40219.1
Project("{FAE04EC0-301F-11D3-BF4B-00C04F79EFBC}") = "Ejercicio_16", "Ejercicio_16\Ejercicio_16.csproj", "{3A8B19D0-5FAC-4677-9398-FD1B0F0471DC}"
EndProject
Project("{FAE04EC0-301F-11D3-BF4B-00C04F79EFBC}") = "Biblioteca", "Biblioteca\Biblioteca.csproj", "{3616B762-F2A5-42FF-927C-5D7F3E0DF232}"
EndProject
Global
	GlobalSection(SolutionConfigurationPlatforms) = preSolution
		Debug|Any CPU = Debug|Any CPU
		Release|Any CPU = Release|Any CPU
	EndGlobalSection
	GlobalSection(ProjectConfigurationPlatforms) = postSolution
		{3A8B19D0-5FAC-4677-9398-FD1B0F0471DC}.Debug|Any CPU.ActiveCfg = Debug|Any CPU
		{3A8B19D0-5FAC-4677-9398-FD1B0F0471DC}.Debug|Any CPU.Build.0 = Debug|Any CPU
		{3A8B19D0-5FAC-4677-9398-FD1B0F0471DC}.Release|Any CPU.ActiveCfg = Release|Any CPU
		{3A8B19D0-5FAC-4677-9398-FD1B0F0471DC}.Release|Any CPU.Build.0 = Release|Any CPU
		{3616B762-F2A5-42FF-927C-5D7F3E0DF232}.Debug|Any CPU.ActiveCfg = Debug|Any CPU
		{3616B762-F2A5-42FF-927C-5D7F3E0DF232}.Debug|Any CPU.Build.0 = Debug|Any CPU
		{3616B762-F2A5-42FF-927C-5D7F3E0DF232}.Release|Any CPU.ActiveCfg = Release|Any CPU
		{3616B762-F2A5-42FF-927C-5D7F3E0DF232}.Release|Any CPU.Build.0 = Release|Any CPU
	EndGlobalSection
	GlobalSection(SolutionProperties) = preSolution
		HideSolutionNode = FALSE
	EndGlobalSection
	GlobalSection(ExtensibilityGlobals) = postSolution
		SolutionGuid = {EFCE8CAE-3A51-4F47-ABAF-082A1EA0606B}
	EndGlobalSection
EndGlobal
