
Microsoft Visual Studio Solution File, Format Version 12.00
# Visual Studio Version 16
VisualStudioVersion = 16.0.31624.102
MinimumVisualStudioVersion = 10.0.40219.1
Project("{FAE04EC0-301F-11D3-BF4B-00C04F79EFBC}") = "Ejercicio_38", "Ejercicio_38\Ejercicio_38.csproj", "{634677FE-DCB1-42DA-BC94-7E960EF1BC09}"
EndProject
Project("{FAE04EC0-301F-11D3-BF4B-00C04F79EFBC}") = "Entidades", "Entidades\Entidades.csproj", "{91C56D91-2654-416E-B13E-8C5FED5FC6E5}"
EndProject
Global
	GlobalSection(SolutionConfigurationPlatforms) = preSolution
		Debug|Any CPU = Debug|Any CPU
		Release|Any CPU = Release|Any CPU
	EndGlobalSection
	GlobalSection(ProjectConfigurationPlatforms) = postSolution
		{634677FE-DCB1-42DA-BC94-7E960EF1BC09}.Debug|Any CPU.ActiveCfg = Debug|Any CPU
		{634677FE-DCB1-42DA-BC94-7E960EF1BC09}.Debug|Any CPU.Build.0 = Debug|Any CPU
		{634677FE-DCB1-42DA-BC94-7E960EF1BC09}.Release|Any CPU.ActiveCfg = Release|Any CPU
		{634677FE-DCB1-42DA-BC94-7E960EF1BC09}.Release|Any CPU.Build.0 = Release|Any CPU
		{91C56D91-2654-416E-B13E-8C5FED5FC6E5}.Debug|Any CPU.ActiveCfg = Debug|Any CPU
		{91C56D91-2654-416E-B13E-8C5FED5FC6E5}.Debug|Any CPU.Build.0 = Debug|Any CPU
		{91C56D91-2654-416E-B13E-8C5FED5FC6E5}.Release|Any CPU.ActiveCfg = Release|Any CPU
		{91C56D91-2654-416E-B13E-8C5FED5FC6E5}.Release|Any CPU.Build.0 = Release|Any CPU
	EndGlobalSection
	GlobalSection(SolutionProperties) = preSolution
		HideSolutionNode = FALSE
	EndGlobalSection
	GlobalSection(ExtensibilityGlobals) = postSolution
		SolutionGuid = {7E8AEF5E-7AA0-4A57-B7B8-42507B7F7871}
	EndGlobalSection
EndGlobal
