
Microsoft Visual Studio Solution File, Format Version 12.00
# Visual Studio Version 16
VisualStudioVersion = 16.0.30517.126
MinimumVisualStudioVersion = 10.0.40219.1
Project("{FAE04EC0-301F-11D3-BF4B-00C04F79EFBC}") = "Ejercicio_20", "Ejercicio_20\Ejercicio_20.csproj", "{6E23A1EC-B2AC-4657-802F-6AE85F6A9EC1}"
EndProject
Project("{FAE04EC0-301F-11D3-BF4B-00C04F79EFBC}") = "Billetes", "Billetes\Billetes.csproj", "{76BD1058-F0F9-4085-819A-C4982AAFE453}"
EndProject
Global
	GlobalSection(SolutionConfigurationPlatforms) = preSolution
		Debug|Any CPU = Debug|Any CPU
		Release|Any CPU = Release|Any CPU
	EndGlobalSection
	GlobalSection(ProjectConfigurationPlatforms) = postSolution
		{6E23A1EC-B2AC-4657-802F-6AE85F6A9EC1}.Debug|Any CPU.ActiveCfg = Debug|Any CPU
		{6E23A1EC-B2AC-4657-802F-6AE85F6A9EC1}.Debug|Any CPU.Build.0 = Debug|Any CPU
		{6E23A1EC-B2AC-4657-802F-6AE85F6A9EC1}.Release|Any CPU.ActiveCfg = Release|Any CPU
		{6E23A1EC-B2AC-4657-802F-6AE85F6A9EC1}.Release|Any CPU.Build.0 = Release|Any CPU
		{76BD1058-F0F9-4085-819A-C4982AAFE453}.Debug|Any CPU.ActiveCfg = Debug|Any CPU
		{76BD1058-F0F9-4085-819A-C4982AAFE453}.Debug|Any CPU.Build.0 = Debug|Any CPU
		{76BD1058-F0F9-4085-819A-C4982AAFE453}.Release|Any CPU.ActiveCfg = Release|Any CPU
		{76BD1058-F0F9-4085-819A-C4982AAFE453}.Release|Any CPU.Build.0 = Release|Any CPU
	EndGlobalSection
	GlobalSection(SolutionProperties) = preSolution
		HideSolutionNode = FALSE
	EndGlobalSection
	GlobalSection(ExtensibilityGlobals) = postSolution
		SolutionGuid = {4651F92A-5327-4BDA-A07B-CA88EA091927}
	EndGlobalSection
EndGlobal
