
Microsoft Visual Studio Solution File, Format Version 12.00
# Visual Studio Version 16
VisualStudioVersion = 16.0.31624.102
MinimumVisualStudioVersion = 10.0.40219.1
Project("{FAE04EC0-301F-11D3-BF4B-00C04F79EFBC}") = "Ejercicio_23", "Ejercicio_23\Ejercicio_23.csproj", "{4FAF3C4F-5129-4DE7-8DD2-A55D560AAEA8}"
EndProject
Project("{FAE04EC0-301F-11D3-BF4B-00C04F79EFBC}") = "Billetes", "Billetes\Billetes.csproj", "{73C5050F-70A4-49F7-BA14-4983B0387147}"
EndProject
Global
	GlobalSection(SolutionConfigurationPlatforms) = preSolution
		Debug|Any CPU = Debug|Any CPU
		Release|Any CPU = Release|Any CPU
	EndGlobalSection
	GlobalSection(ProjectConfigurationPlatforms) = postSolution
		{4FAF3C4F-5129-4DE7-8DD2-A55D560AAEA8}.Debug|Any CPU.ActiveCfg = Debug|Any CPU
		{4FAF3C4F-5129-4DE7-8DD2-A55D560AAEA8}.Debug|Any CPU.Build.0 = Debug|Any CPU
		{4FAF3C4F-5129-4DE7-8DD2-A55D560AAEA8}.Release|Any CPU.ActiveCfg = Release|Any CPU
		{4FAF3C4F-5129-4DE7-8DD2-A55D560AAEA8}.Release|Any CPU.Build.0 = Release|Any CPU
		{73C5050F-70A4-49F7-BA14-4983B0387147}.Debug|Any CPU.ActiveCfg = Debug|Any CPU
		{73C5050F-70A4-49F7-BA14-4983B0387147}.Debug|Any CPU.Build.0 = Debug|Any CPU
		{73C5050F-70A4-49F7-BA14-4983B0387147}.Release|Any CPU.ActiveCfg = Release|Any CPU
		{73C5050F-70A4-49F7-BA14-4983B0387147}.Release|Any CPU.Build.0 = Release|Any CPU
	EndGlobalSection
	GlobalSection(SolutionProperties) = preSolution
		HideSolutionNode = FALSE
	EndGlobalSection
	GlobalSection(ExtensibilityGlobals) = postSolution
		SolutionGuid = {CA11B781-BF70-41D1-94D1-0284C4B87BD4}
	EndGlobalSection
EndGlobal
