
Microsoft Visual Studio Solution File, Format Version 12.00
# Visual Studio Version 16
VisualStudioVersion = 16.0.31624.102
MinimumVisualStudioVersion = 10.0.40219.1
Project("{9A19103F-16F7-4668-BE54-9A1E7A4F7556}") = "FormCalculadora", "TP1_From\FormCalculadora.csproj", "{36B36396-8836-47C7-853F-F24A76DFEBC3}"
EndProject
Project("{FAE04EC0-301F-11D3-BF4B-00C04F79EFBC}") = "Biblioteca", "Biblioteca\Biblioteca.csproj", "{F2B79AEB-B6BB-42E1-BCB4-C2D38B3D426B}"
EndProject
Global
	GlobalSection(SolutionConfigurationPlatforms) = preSolution
		Debug|Any CPU = Debug|Any CPU
		Release|Any CPU = Release|Any CPU
	EndGlobalSection
	GlobalSection(ProjectConfigurationPlatforms) = postSolution
		{36B36396-8836-47C7-853F-F24A76DFEBC3}.Debug|Any CPU.ActiveCfg = Debug|Any CPU
		{36B36396-8836-47C7-853F-F24A76DFEBC3}.Debug|Any CPU.Build.0 = Debug|Any CPU
		{36B36396-8836-47C7-853F-F24A76DFEBC3}.Release|Any CPU.ActiveCfg = Release|Any CPU
		{36B36396-8836-47C7-853F-F24A76DFEBC3}.Release|Any CPU.Build.0 = Release|Any CPU
		{F2B79AEB-B6BB-42E1-BCB4-C2D38B3D426B}.Debug|Any CPU.ActiveCfg = Debug|Any CPU
		{F2B79AEB-B6BB-42E1-BCB4-C2D38B3D426B}.Debug|Any CPU.Build.0 = Debug|Any CPU
		{F2B79AEB-B6BB-42E1-BCB4-C2D38B3D426B}.Release|Any CPU.ActiveCfg = Release|Any CPU
		{F2B79AEB-B6BB-42E1-BCB4-C2D38B3D426B}.Release|Any CPU.Build.0 = Release|Any CPU
	EndGlobalSection
	GlobalSection(SolutionProperties) = preSolution
		HideSolutionNode = FALSE
	EndGlobalSection
	GlobalSection(ExtensibilityGlobals) = postSolution
		SolutionGuid = {B502C13F-5FE1-4FF5-B91F-53B95336B065}
	EndGlobalSection
EndGlobal
