
Microsoft Visual Studio Solution File, Format Version 12.00
# Visual Studio Version 16
VisualStudioVersion = 16.0.31624.102
MinimumVisualStudioVersion = 10.0.40219.1
Project("{FAE04EC0-301F-11D3-BF4B-00C04F79EFBC}") = "Ejercicio_31", "Ejercicio_31\Ejercicio_31.csproj", "{D190FB34-1628-4449-90B5-AF6DB3BD7BE8}"
EndProject
Project("{FAE04EC0-301F-11D3-BF4B-00C04F79EFBC}") = "Entidades", "Entidades\Entidades.csproj", "{4AEBFC9C-3A8E-4ECB-BC22-AC3F63DCCB8A}"
EndProject
Global
	GlobalSection(SolutionConfigurationPlatforms) = preSolution
		Debug|Any CPU = Debug|Any CPU
		Release|Any CPU = Release|Any CPU
	EndGlobalSection
	GlobalSection(ProjectConfigurationPlatforms) = postSolution
		{D190FB34-1628-4449-90B5-AF6DB3BD7BE8}.Debug|Any CPU.ActiveCfg = Debug|Any CPU
		{D190FB34-1628-4449-90B5-AF6DB3BD7BE8}.Debug|Any CPU.Build.0 = Debug|Any CPU
		{D190FB34-1628-4449-90B5-AF6DB3BD7BE8}.Release|Any CPU.ActiveCfg = Release|Any CPU
		{D190FB34-1628-4449-90B5-AF6DB3BD7BE8}.Release|Any CPU.Build.0 = Release|Any CPU
		{4AEBFC9C-3A8E-4ECB-BC22-AC3F63DCCB8A}.Debug|Any CPU.ActiveCfg = Debug|Any CPU
		{4AEBFC9C-3A8E-4ECB-BC22-AC3F63DCCB8A}.Debug|Any CPU.Build.0 = Debug|Any CPU
		{4AEBFC9C-3A8E-4ECB-BC22-AC3F63DCCB8A}.Release|Any CPU.ActiveCfg = Release|Any CPU
		{4AEBFC9C-3A8E-4ECB-BC22-AC3F63DCCB8A}.Release|Any CPU.Build.0 = Release|Any CPU
	EndGlobalSection
	GlobalSection(SolutionProperties) = preSolution
		HideSolutionNode = FALSE
	EndGlobalSection
	GlobalSection(ExtensibilityGlobals) = postSolution
		SolutionGuid = {AA8C9599-3FFD-465C-B211-8B1D7F387958}
	EndGlobalSection
EndGlobal
