
Microsoft Visual Studio Solution File, Format Version 12.00
# Visual Studio Version 16
VisualStudioVersion = 16.0.31624.102
MinimumVisualStudioVersion = 10.0.40219.1
Project("{FAE04EC0-301F-11D3-BF4B-00C04F79EFBC}") = "Ejercicio_25", "Ejercicio_25\Ejercicio_25.csproj", "{7648364B-F524-45DB-A7FD-A43A345F82AF}"
EndProject
Project("{9A19103F-16F7-4668-BE54-9A1E7A4F7556}") = "Conversor", "..\Ejercicio_22\Conversor\Conversor.csproj", "{877D64A3-054A-4A84-B606-44375D8D0D90}"
EndProject
Global
	GlobalSection(SolutionConfigurationPlatforms) = preSolution
		Debug|Any CPU = Debug|Any CPU
		Release|Any CPU = Release|Any CPU
	EndGlobalSection
	GlobalSection(ProjectConfigurationPlatforms) = postSolution
		{7648364B-F524-45DB-A7FD-A43A345F82AF}.Debug|Any CPU.ActiveCfg = Debug|Any CPU
		{7648364B-F524-45DB-A7FD-A43A345F82AF}.Debug|Any CPU.Build.0 = Debug|Any CPU
		{7648364B-F524-45DB-A7FD-A43A345F82AF}.Release|Any CPU.ActiveCfg = Release|Any CPU
		{7648364B-F524-45DB-A7FD-A43A345F82AF}.Release|Any CPU.Build.0 = Release|Any CPU
		{877D64A3-054A-4A84-B606-44375D8D0D90}.Debug|Any CPU.ActiveCfg = Debug|Any CPU
		{877D64A3-054A-4A84-B606-44375D8D0D90}.Debug|Any CPU.Build.0 = Debug|Any CPU
		{877D64A3-054A-4A84-B606-44375D8D0D90}.Release|Any CPU.ActiveCfg = Release|Any CPU
		{877D64A3-054A-4A84-B606-44375D8D0D90}.Release|Any CPU.Build.0 = Release|Any CPU
	EndGlobalSection
	GlobalSection(SolutionProperties) = preSolution
		HideSolutionNode = FALSE
	EndGlobalSection
	GlobalSection(ExtensibilityGlobals) = postSolution
		SolutionGuid = {BE7BBC5C-B317-4DF3-84F2-7D8D9F80F448}
	EndGlobalSection
EndGlobal
