
Microsoft Visual Studio Solution File, Format Version 12.00
# Visual Studio Version 16
VisualStudioVersion = 16.0.30517.126
MinimumVisualStudioVersion = 10.0.40219.1
Project("{FAE04EC0-301F-11D3-BF4B-00C04F79EFBC}") = "Ejercicio_22", "Ejercicio_22\Ejercicio_22.csproj", "{3EDC5D8C-71AC-4219-92FB-7E345406AFF5}"
EndProject
Project("{FAE04EC0-301F-11D3-BF4B-00C04F79EFBC}") = "Conversor", "Conversor\Conversor.csproj", "{D76862D4-A353-42F5-B5D3-742F0D031FDF}"
EndProject
Global
	GlobalSection(SolutionConfigurationPlatforms) = preSolution
		Debug|Any CPU = Debug|Any CPU
		Release|Any CPU = Release|Any CPU
	EndGlobalSection
	GlobalSection(ProjectConfigurationPlatforms) = postSolution
		{3EDC5D8C-71AC-4219-92FB-7E345406AFF5}.Debug|Any CPU.ActiveCfg = Debug|Any CPU
		{3EDC5D8C-71AC-4219-92FB-7E345406AFF5}.Debug|Any CPU.Build.0 = Debug|Any CPU
		{3EDC5D8C-71AC-4219-92FB-7E345406AFF5}.Release|Any CPU.ActiveCfg = Release|Any CPU
		{3EDC5D8C-71AC-4219-92FB-7E345406AFF5}.Release|Any CPU.Build.0 = Release|Any CPU
		{D76862D4-A353-42F5-B5D3-742F0D031FDF}.Debug|Any CPU.ActiveCfg = Debug|Any CPU
		{D76862D4-A353-42F5-B5D3-742F0D031FDF}.Debug|Any CPU.Build.0 = Debug|Any CPU
		{D76862D4-A353-42F5-B5D3-742F0D031FDF}.Release|Any CPU.ActiveCfg = Release|Any CPU
		{D76862D4-A353-42F5-B5D3-742F0D031FDF}.Release|Any CPU.Build.0 = Release|Any CPU
	EndGlobalSection
	GlobalSection(SolutionProperties) = preSolution
		HideSolutionNode = FALSE
	EndGlobalSection
	GlobalSection(ExtensibilityGlobals) = postSolution
		SolutionGuid = {576D0A27-27F4-4F22-82AC-195FF0FDA45D}
	EndGlobalSection
EndGlobal
