
Microsoft Visual Studio Solution File, Format Version 12.00
# Visual Studio Version 16
VisualStudioVersion = 16.0.31624.102
MinimumVisualStudioVersion = 10.0.40219.1
Project("{9A19103F-16F7-4668-BE54-9A1E7A4F7556}") = "Ejercicio_32", "Ejercicio_32\Ejercicio_32.csproj", "{D16BCCA6-051C-4F61-B7C9-86DB7E96D2ED}"
EndProject
Project("{9A19103F-16F7-4668-BE54-9A1E7A4F7556}") = "Entidades", "..\Ejercicio_29\Jugador\Entidades.csproj", "{DFEC3A16-2FD1-435E-A3FA-54B83C342AF4}"
EndProject
Global
	GlobalSection(SolutionConfigurationPlatforms) = preSolution
		Debug|Any CPU = Debug|Any CPU
		Release|Any CPU = Release|Any CPU
	EndGlobalSection
	GlobalSection(ProjectConfigurationPlatforms) = postSolution
		{D16BCCA6-051C-4F61-B7C9-86DB7E96D2ED}.Debug|Any CPU.ActiveCfg = Debug|Any CPU
		{D16BCCA6-051C-4F61-B7C9-86DB7E96D2ED}.Debug|Any CPU.Build.0 = Debug|Any CPU
		{D16BCCA6-051C-4F61-B7C9-86DB7E96D2ED}.Release|Any CPU.ActiveCfg = Release|Any CPU
		{D16BCCA6-051C-4F61-B7C9-86DB7E96D2ED}.Release|Any CPU.Build.0 = Release|Any CPU
		{DFEC3A16-2FD1-435E-A3FA-54B83C342AF4}.Debug|Any CPU.ActiveCfg = Debug|Any CPU
		{DFEC3A16-2FD1-435E-A3FA-54B83C342AF4}.Debug|Any CPU.Build.0 = Debug|Any CPU
		{DFEC3A16-2FD1-435E-A3FA-54B83C342AF4}.Release|Any CPU.ActiveCfg = Release|Any CPU
		{DFEC3A16-2FD1-435E-A3FA-54B83C342AF4}.Release|Any CPU.Build.0 = Release|Any CPU
	EndGlobalSection
	GlobalSection(SolutionProperties) = preSolution
		HideSolutionNode = FALSE
	EndGlobalSection
	GlobalSection(ExtensibilityGlobals) = postSolution
		SolutionGuid = {D4080F2A-E65F-42FC-B8BD-C7D979B8C10F}
	EndGlobalSection
EndGlobal
