
Microsoft Visual Studio Solution File, Format Version 12.00
# Visual Studio Version 16
VisualStudioVersion = 16.0.31624.102
MinimumVisualStudioVersion = 10.0.40219.1
Project("{FAE04EC0-301F-11D3-BF4B-00C04F79EFBC}") = "VistaConsola", "Bamio.Ezequiel\VistaConsola.csproj", "{1DFC20BC-A726-4E4D-844A-B042C9EA8FDE}"
EndProject
Project("{FAE04EC0-301F-11D3-BF4B-00C04F79EFBC}") = "Entidades", "Entidades\Entidades.csproj", "{86DFCFA0-D25C-40B6-9149-071C470B7C10}"
EndProject
Project("{FAE04EC0-301F-11D3-BF4B-00C04F79EFBC}") = "VistaForm", "VistaForm\VistaForm.csproj", "{6B2A6E0D-9344-4B92-982E-30823315C252}"
EndProject
Global
	GlobalSection(SolutionConfigurationPlatforms) = preSolution
		Debug|Any CPU = Debug|Any CPU
		Release|Any CPU = Release|Any CPU
	EndGlobalSection
	GlobalSection(ProjectConfigurationPlatforms) = postSolution
		{1DFC20BC-A726-4E4D-844A-B042C9EA8FDE}.Debug|Any CPU.ActiveCfg = Debug|Any CPU
		{1DFC20BC-A726-4E4D-844A-B042C9EA8FDE}.Debug|Any CPU.Build.0 = Debug|Any CPU
		{1DFC20BC-A726-4E4D-844A-B042C9EA8FDE}.Release|Any CPU.ActiveCfg = Release|Any CPU
		{1DFC20BC-A726-4E4D-844A-B042C9EA8FDE}.Release|Any CPU.Build.0 = Release|Any CPU
		{86DFCFA0-D25C-40B6-9149-071C470B7C10}.Debug|Any CPU.ActiveCfg = Debug|Any CPU
		{86DFCFA0-D25C-40B6-9149-071C470B7C10}.Debug|Any CPU.Build.0 = Debug|Any CPU
		{86DFCFA0-D25C-40B6-9149-071C470B7C10}.Release|Any CPU.ActiveCfg = Release|Any CPU
		{86DFCFA0-D25C-40B6-9149-071C470B7C10}.Release|Any CPU.Build.0 = Release|Any CPU
		{6B2A6E0D-9344-4B92-982E-30823315C252}.Debug|Any CPU.ActiveCfg = Debug|Any CPU
		{6B2A6E0D-9344-4B92-982E-30823315C252}.Debug|Any CPU.Build.0 = Debug|Any CPU
		{6B2A6E0D-9344-4B92-982E-30823315C252}.Release|Any CPU.ActiveCfg = Release|Any CPU
		{6B2A6E0D-9344-4B92-982E-30823315C252}.Release|Any CPU.Build.0 = Release|Any CPU
	EndGlobalSection
	GlobalSection(SolutionProperties) = preSolution
		HideSolutionNode = FALSE
	EndGlobalSection
	GlobalSection(ExtensibilityGlobals) = postSolution
		SolutionGuid = {87E164CC-9024-4084-8ED6-84DCBC95990C}
	EndGlobalSection
EndGlobal
