
Microsoft Visual Studio Solution File, Format Version 12.00
# Visual Studio Version 16
VisualStudioVersion = 16.0.30517.126
MinimumVisualStudioVersion = 10.0.40219.1
Project("{FAE04EC0-301F-11D3-BF4B-00C04F79EFBC}") = "Ejercicio_18", "Ejercicio_18\Ejercicio_18.csproj", "{A6BFD2BC-6036-4F9D-B94D-D2DB83D934DA}"
EndProject
Project("{FAE04EC0-301F-11D3-BF4B-00C04F79EFBC}") = "Geometria", "Geometria\Geometria.csproj", "{312323D3-1A9C-4989-B7E3-3B80B6F80361}"
EndProject
Global
	GlobalSection(SolutionConfigurationPlatforms) = preSolution
		Debug|Any CPU = Debug|Any CPU
		Release|Any CPU = Release|Any CPU
	EndGlobalSection
	GlobalSection(ProjectConfigurationPlatforms) = postSolution
		{A6BFD2BC-6036-4F9D-B94D-D2DB83D934DA}.Debug|Any CPU.ActiveCfg = Debug|Any CPU
		{A6BFD2BC-6036-4F9D-B94D-D2DB83D934DA}.Debug|Any CPU.Build.0 = Debug|Any CPU
		{A6BFD2BC-6036-4F9D-B94D-D2DB83D934DA}.Release|Any CPU.ActiveCfg = Release|Any CPU
		{A6BFD2BC-6036-4F9D-B94D-D2DB83D934DA}.Release|Any CPU.Build.0 = Release|Any CPU
		{312323D3-1A9C-4989-B7E3-3B80B6F80361}.Debug|Any CPU.ActiveCfg = Debug|Any CPU
		{312323D3-1A9C-4989-B7E3-3B80B6F80361}.Debug|Any CPU.Build.0 = Debug|Any CPU
		{312323D3-1A9C-4989-B7E3-3B80B6F80361}.Release|Any CPU.ActiveCfg = Release|Any CPU
		{312323D3-1A9C-4989-B7E3-3B80B6F80361}.Release|Any CPU.Build.0 = Release|Any CPU
	EndGlobalSection
	GlobalSection(SolutionProperties) = preSolution
		HideSolutionNode = FALSE
	EndGlobalSection
	GlobalSection(ExtensibilityGlobals) = postSolution
		SolutionGuid = {8A1D10C0-54FD-49F8-A10D-2B8B12EE149D}
	EndGlobalSection
EndGlobal
